
Microsoft Visual Studio Solution File, Format Version 12.00
# Visual Studio 15
VisualStudioVersion = 15.0.34829.251
MinimumVisualStudioVersion = 10.0.40219.1
Project("{FAE04EC0-301F-11D3-BF4B-00C04F79EFBC}") = "learn_asp_dot_net_mvc_bytepp", "learn_asp_dot_net_mvc_bytepp\learn_asp_dot_net_mvc_bytepp.csproj", "{932832EB-C012-45BA-9C5F-64D10D30BFA0}"
EndProject
Global
	GlobalSection(SolutionConfigurationPlatforms) = preSolution
		Debug|Any CPU = Debug|Any CPU
		Release|Any CPU = Release|Any CPU
	EndGlobalSection
	GlobalSection(ProjectConfigurationPlatforms) = postSolution
		{932832EB-C012-45BA-9C5F-64D10D30BFA0}.Debug|Any CPU.ActiveCfg = Debug|Any CPU
		{932832EB-C012-45BA-9C5F-64D10D30BFA0}.Debug|Any CPU.Build.0 = Debug|Any CPU
		{932832EB-C012-45BA-9C5F-64D10D30BFA0}.Release|Any CPU.ActiveCfg = Release|Any CPU
		{932832EB-C012-45BA-9C5F-64D10D30BFA0}.Release|Any CPU.Build.0 = Release|Any CPU
	EndGlobalSection
	GlobalSection(SolutionProperties) = preSolution
		HideSolutionNode = FALSE
	EndGlobalSection
	GlobalSection(ExtensibilityGlobals) = postSolution
		SolutionGuid = {D47869F0-8CBB-45F1-85AF-45FF1167FBF1}
	EndGlobalSection
EndGlobal
